Microsoft Visual Studio Solution File, Format Version 12.00
# Visual Studio Version 17
VisualStudioVersion = 17.5.2.0
MinimumVisualStudioVersion = 10.0.40219.1
Project("{FAE04EC0-301F-11D3-BF4B-00C04F79EFBC}") = "ServiceTrack.API", "ServiceTrack.API\ServiceTrack.API.csproj", "{F58BC2AF-E1D8-660C-3F45-E86697C4E6C6}"
EndProject
Global
	GlobalSection(SolutionConfigurationPlatforms) = preSolution
		Debug|Any CPU = Debug|Any CPU
		Release|Any CPU = Release|Any CPU
	EndGlobalSection
	GlobalSection(ProjectConfigurationPlatforms) = postSolution
		{F58BC2AF-E1D8-660C-3F45-E86697C4E6C6}.Debug|Any CPU.ActiveCfg = Debug|Any CPU
		{F58BC2AF-E1D8-660C-3F45-E86697C4E6C6}.Debug|Any CPU.Build.0 = Debug|Any CPU
		{F58BC2AF-E1D8-660C-3F45-E86697C4E6C6}.Release|Any CPU.ActiveCfg = Release|Any CPU
		{F58BC2AF-E1D8-660C-3F45-E86697C4E6C6}.Release|Any CPU.Build.0 = Release|Any CPU
	EndGlobalSection
	GlobalSection(SolutionProperties) = preSolution
		HideSolutionNode = FALSE
	EndGlobalSection
	GlobalSection(ExtensibilityGlobals) = postSolution
		SolutionGuid = {B433FC6C-E974-4293-B4C2-76BFBAFEEF21}
	EndGlobalSection
EndGlobal
